
Microsoft Visual Studio Solution File, Format Version 12.00
# Visual Studio 15
VisualStudioVersion = 15.0.27004.2008
MinimumVisualStudioVersion = 10.0.40219.1
Project("{FAE04EC0-301F-11D3-BF4B-00C04F79EFBC}") = "Assignment1", "Assignment1\Assignment1.csproj", "{61F47D85-54CA-4579-AEFB-5EA378A2CF5E}"
EndProject
Project("{FAE04EC0-301F-11D3-BF4B-00C04F79EFBC}") = "MovieDatabaseTestProject", "MovieDatabaseTestProject\MovieDatabaseTestProject.csproj", "{D8DA29C3-177F-45C9-8651-F63259D48BB0}"
EndProject
Global
	GlobalSection(SolutionConfigurationPlatforms) = preSolution
		Debug|Any CPU = Debug|Any CPU
		Release|Any CPU = Release|Any CPU
	EndGlobalSection
	GlobalSection(ProjectConfigurationPlatforms) = postSolution
		{61F47D85-54CA-4579-AEFB-5EA378A2CF5E}.Debug|Any CPU.ActiveCfg = Debug|Any CPU
		{61F47D85-54CA-4579-AEFB-5EA378A2CF5E}.Debug|Any CPU.Build.0 = Debug|Any CPU
		{61F47D85-54CA-4579-AEFB-5EA378A2CF5E}.Release|Any CPU.ActiveCfg = Release|Any CPU
		{61F47D85-54CA-4579-AEFB-5EA378A2CF5E}.Release|Any CPU.Build.0 = Release|Any CPU
		{D8DA29C3-177F-45C9-8651-F63259D48BB0}.Debug|Any CPU.ActiveCfg = Debug|Any CPU
		{D8DA29C3-177F-45C9-8651-F63259D48BB0}.Debug|Any CPU.Build.0 = Debug|Any CPU
		{D8DA29C3-177F-45C9-8651-F63259D48BB0}.Release|Any CPU.ActiveCfg = Release|Any CPU
		{D8DA29C3-177F-45C9-8651-F63259D48BB0}.Release|Any CPU.Build.0 = Release|Any CPU
	EndGlobalSection
	GlobalSection(SolutionProperties) = preSolution
		HideSolutionNode = FALSE
	EndGlobalSection
	GlobalSection(ExtensibilityGlobals) = postSolution
		SolutionGuid = {DF864D83-BD52-45C8-9AEB-0D1F8286E3A3}
	EndGlobalSection
EndGlobal
